
Microsoft Visual Studio Solution File, Format Version 12.00
# Visual Studio Version 17
VisualStudioVersion = 17.8.34525.116
MinimumVisualStudioVersion = 10.0.40219.1
Project("{FAE04EC0-301F-11D3-BF4B-00C04F79EFBC}") = "API", "API\API.csproj", "{1F52A353-4D1B-43A1-938B-C1E546F68437}"
EndProject
Global
	GlobalSection(SolutionConfigurationPlatforms) = preSolution
		Debug|Any CPU = Debug|Any CPU
		Release|Any CPU = Release|Any CPU
	EndGlobalSection
	GlobalSection(ProjectConfigurationPlatforms) = postSolution
		{1F52A353-4D1B-43A1-938B-C1E546F68437}.Debug|Any CPU.ActiveCfg = Debug|Any CPU
		{1F52A353-4D1B-43A1-938B-C1E546F68437}.Debug|Any CPU.Build.0 = Debug|Any CPU
		{1F52A353-4D1B-43A1-938B-C1E546F68437}.Release|Any CPU.ActiveCfg = Release|Any CPU
		{1F52A353-4D1B-43A1-938B-C1E546F68437}.Release|Any CPU.Build.0 = Release|Any CPU
	EndGlobalSection
	GlobalSection(SolutionProperties) = preSolution
		HideSolutionNode = FALSE
	EndGlobalSection
	GlobalSection(ExtensibilityGlobals) = postSolution
		SolutionGuid = {06BF8A91-C524-421D-83AB-5D25CB59FC67}
	EndGlobalSection
EndGlobal
